
Microsoft Visual Studio Solution File, Format Version 12.00
# Visual Studio 2013
VisualStudioVersion = 12.0.31101.0
MinimumVisualStudioVersion = 10.0.40219.1
Project("{FAE04EC0-301F-11D3-BF4B-00C04F79EFBC}") = "Telestream.Cloud.SDK.Net45", "Telestream.Cloud.SDK.Net45\Telestream.Cloud.SDK.Net45.csproj", "{1D3443AA-8575-422D-8898-4F8432BC8C15}"
EndProject
Project("{FAE04EC0-301F-11D3-BF4B-00C04F79EFBC}") = "Telestream.Cloud.SDK", "Telestream.Cloud.SDK\Telestream.Cloud.SDK.csproj", "{9193924D-C6A3-4A5A-90D2-3BE59FA30F0B}"
EndProject
Global
	GlobalSection(SolutionConfigurationPlatforms) = preSolution
		Debug|Any CPU = Debug|Any CPU
		Release|Any CPU = Release|Any CPU
	EndGlobalSection
	GlobalSection(ProjectConfigurationPlatforms) = postSolution
		{1D3443AA-8575-422D-8898-4F8432BC8C15}.Debug|Any CPU.ActiveCfg = Debug|Any CPU
		{1D3443AA-8575-422D-8898-4F8432BC8C15}.Debug|Any CPU.Build.0 = Debug|Any CPU
		{1D3443AA-8575-422D-8898-4F8432BC8C15}.Release|Any CPU.ActiveCfg = Release|Any CPU
		{1D3443AA-8575-422D-8898-4F8432BC8C15}.Release|Any CPU.Build.0 = Release|Any CPU
		{9193924D-C6A3-4A5A-90D2-3BE59FA30F0B}.Debug|Any CPU.ActiveCfg = Debug|Any CPU
		{9193924D-C6A3-4A5A-90D2-3BE59FA30F0B}.Debug|Any CPU.Build.0 = Debug|Any CPU
		{9193924D-C6A3-4A5A-90D2-3BE59FA30F0B}.Release|Any CPU.ActiveCfg = Release|Any CPU
		{9193924D-C6A3-4A5A-90D2-3BE59FA30F0B}.Release|Any CPU.Build.0 = Release|Any CPU
	EndGlobalSection
	GlobalSection(SolutionProperties) = preSolution
		HideSolutionNode = FALSE
	EndGlobalSection
EndGlobal
